
Microsoft Visual Studio Solution File, Format Version 12.00
# Visual Studio Version 16
VisualStudioVersion = 16.0.28803.352
MinimumVisualStudioVersion = 10.0.40219.1
Project("{9A19103F-16F7-4668-BE54-9A1E7A4F7556}") = "FlexForm.WebApi", "FlexForm.WebApi\FlexForm.WebApi.csproj", "{BBFCFA3A-CAF1-432F-914E-33EE50EBFFB2}"
EndProject
Project("{9A19103F-16F7-4668-BE54-9A1E7A4F7556}") = "FlexForm.DDE.Common", "FlexForm.DDE.Common\FlexForm.DDE.Common.csproj", "{74391391-388D-4DB6-AC19-C33E30D53452}"
EndProject
Project("{9A19103F-16F7-4668-BE54-9A1E7A4F7556}") = "FlexForm.Api.Admin", "FlexForm.Api.Admin\FlexForm.Api.Admin.csproj", "{A4C0F3DD-FA57-4F70-8CFC-DACC0AB693A1}"
EndProject
Project("{9A19103F-16F7-4668-BE54-9A1E7A4F7556}") = "FlexForm.Api.ClientMessageHandler", "FlexForm.Api.ClientMessageHandler\FlexForm.Api.ClientMessageHandler.csproj", "{2365E0FF-D3D2-4008-94E3-5F01B68C3335}"
EndProject
Project("{9A19103F-16F7-4668-BE54-9A1E7A4F7556}") = "FlexForm.Api.DDE", "FlexForm.Api.DDE\FlexForm.Api.DDE.csproj", "{194DEB19-6731-43D9-ABC5-292F92A2AF99}"
EndProject
Project("{2150E333-8FDC-42A3-9474-1A3956D46DE8}") = "Shared", "Shared", "{B9F4C70D-D2D5-4FF7-96E2-4C8580A3417C}"
EndProject
Project("{9A19103F-16F7-4668-BE54-9A1E7A4F7556}") = "FlexForm.Api.Common", "FlexForm.Api.Common\FlexForm.Api.Common.csproj", "{F41D29C7-47AD-4C30-B190-A96DC9071C4B}"
EndProject
Project("{2150E333-8FDC-42A3-9474-1A3956D46DE8}") = "Data", "Data", "{81E6AE4B-118C-4A3F-BCE9-B0932D18D649}"
EndProject
Project("{9A19103F-16F7-4668-BE54-9A1E7A4F7556}") = "FlexForm.DDE.Data", "FlexForm.DDE.Data\FlexForm.DDE.Data.csproj", "{73BFA148-F0D2-4C0A-B22F-FB5E4D8B02E3}"
EndProject
Project("{9A19103F-16F7-4668-BE54-9A1E7A4F7556}") = "FlexForm.DDE.Data.DataAccess", "FlexForm.DDE.Data.DataAccess\FlexForm.DDE.Data.DataAccess.csproj", "{38ADB7CB-F90C-4620-9A4E-32D2605B5785}"
EndProject
Project("{9A19103F-16F7-4668-BE54-9A1E7A4F7556}") = "FlexForm.DDE.Data.Entity", "FlexForm.DDE.Data.Entity\FlexForm.DDE.Data.Entity.csproj", "{D797125B-2149-4D1C-9CE9-CF7C7A9AC248}"
EndProject
Project("{00D1A9C2-B5F0-4AF3-8072-F6C62B433612}") = "FlexForm.DDE.Database", "FlexForm.DDE.Database\FlexForm.DDE.Database.sqlproj", "{ACAA61E3-D86D-42D3-9987-2B4E6E960796}"
EndProject
Project("{2150E333-8FDC-42A3-9474-1A3956D46DE8}") = "Controllers", "Controllers", "{E8F0FB89-7B91-450F-A19F-4F028D50D185}"
EndProject
Project("{9A19103F-16F7-4668-BE54-9A1E7A4F7556}") = "FlexForm.Api.Admin.DataAccess", "FlexForm.Api.Admin.DataAccess\FlexForm.Api.Admin.DataAccess.csproj", "{40EBC776-2E7A-4E43-A176-4359C4F4344F}"
EndProject
Project("{9A19103F-16F7-4668-BE54-9A1E7A4F7556}") = "FlexForm.Identity.Common", "FlexForm.Identity.Common\FlexForm.Identity.Common.csproj", "{FAEA09CC-1CAC-450A-B805-287A6E8C7DB5}"
EndProject
Project("{9A19103F-16F7-4668-BE54-9A1E7A4F7556}") = "WebApplication1", "WebApplication1\WebApplication1.csproj", "{36873B80-781D-4F99-80A9-BB8EC588C81D}"
EndProject
Project("{9A19103F-16F7-4668-BE54-9A1E7A4F7556}") = "FlexForm.Api.Identity", "FlexForm.Api.Identity\FlexForm.Api.Identity.csproj", "{C2F93A3D-E0BB-4D7F-83B7-A209C630ED6B}"
EndProject
Project("{FAE04EC0-301F-11D3-BF4B-00C04F79EFBC}") = "FlexForm.Api.Settings", "FlexForm.Api.Settings\FlexForm.Api.Settings.csproj", "{91667BD8-5CA6-45CE-A692-0B3A3DEEF103}"
EndProject
Global
	GlobalSection(SolutionConfigurationPlatforms) = preSolution
		Debug|Any CPU = Debug|Any CPU
		Release|Any CPU = Release|Any CPU
	EndGlobalSection
	GlobalSection(ProjectConfigurationPlatforms) = postSolution
		{BBFCFA3A-CAF1-432F-914E-33EE50EBFFB2}.Debug|Any CPU.ActiveCfg = Debug|Any CPU
		{BBFCFA3A-CAF1-432F-914E-33EE50EBFFB2}.Debug|Any CPU.Build.0 = Debug|Any CPU
		{BBFCFA3A-CAF1-432F-914E-33EE50EBFFB2}.Release|Any CPU.ActiveCfg = Release|Any CPU
		{BBFCFA3A-CAF1-432F-914E-33EE50EBFFB2}.Release|Any CPU.Build.0 = Release|Any CPU
		{74391391-388D-4DB6-AC19-C33E30D53452}.Debug|Any CPU.ActiveCfg = Debug|Any CPU
		{74391391-388D-4DB6-AC19-C33E30D53452}.Debug|Any CPU.Build.0 = Debug|Any CPU
		{74391391-388D-4DB6-AC19-C33E30D53452}.Release|Any CPU.ActiveCfg = Release|Any CPU
		{74391391-388D-4DB6-AC19-C33E30D53452}.Release|Any CPU.Build.0 = Release|Any CPU
		{A4C0F3DD-FA57-4F70-8CFC-DACC0AB693A1}.Debug|Any CPU.ActiveCfg = Debug|Any CPU
		{A4C0F3DD-FA57-4F70-8CFC-DACC0AB693A1}.Debug|Any CPU.Build.0 = Debug|Any CPU
		{A4C0F3DD-FA57-4F70-8CFC-DACC0AB693A1}.Release|Any CPU.ActiveCfg = Release|Any CPU
		{A4C0F3DD-FA57-4F70-8CFC-DACC0AB693A1}.Release|Any CPU.Build.0 = Release|Any CPU
		{2365E0FF-D3D2-4008-94E3-5F01B68C3335}.Debug|Any CPU.ActiveCfg = Debug|Any CPU
		{2365E0FF-D3D2-4008-94E3-5F01B68C3335}.Debug|Any CPU.Build.0 = Debug|Any CPU
		{2365E0FF-D3D2-4008-94E3-5F01B68C3335}.Release|Any CPU.ActiveCfg = Release|Any CPU
		{2365E0FF-D3D2-4008-94E3-5F01B68C3335}.Release|Any CPU.Build.0 = Release|Any CPU
		{194DEB19-6731-43D9-ABC5-292F92A2AF99}.Debug|Any CPU.ActiveCfg = Debug|Any CPU
		{194DEB19-6731-43D9-ABC5-292F92A2AF99}.Debug|Any CPU.Build.0 = Debug|Any CPU
		{194DEB19-6731-43D9-ABC5-292F92A2AF99}.Release|Any CPU.ActiveCfg = Release|Any CPU
		{194DEB19-6731-43D9-ABC5-292F92A2AF99}.Release|Any CPU.Build.0 = Release|Any CPU
		{F41D29C7-47AD-4C30-B190-A96DC9071C4B}.Debug|Any CPU.ActiveCfg = Debug|Any CPU
		{F41D29C7-47AD-4C30-B190-A96DC9071C4B}.Debug|Any CPU.Build.0 = Debug|Any CPU
		{F41D29C7-47AD-4C30-B190-A96DC9071C4B}.Release|Any CPU.ActiveCfg = Release|Any CPU
		{F41D29C7-47AD-4C30-B190-A96DC9071C4B}.Release|Any CPU.Build.0 = Release|Any CPU
		{73BFA148-F0D2-4C0A-B22F-FB5E4D8B02E3}.Debug|Any CPU.ActiveCfg = Debug|Any CPU
		{73BFA148-F0D2-4C0A-B22F-FB5E4D8B02E3}.Debug|Any CPU.Build.0 = Debug|Any CPU
		{73BFA148-F0D2-4C0A-B22F-FB5E4D8B02E3}.Release|Any CPU.ActiveCfg = Release|Any CPU
		{73BFA148-F0D2-4C0A-B22F-FB5E4D8B02E3}.Release|Any CPU.Build.0 = Release|Any CPU
		{38ADB7CB-F90C-4620-9A4E-32D2605B5785}.Debug|Any CPU.ActiveCfg = Debug|Any CPU
		{38ADB7CB-F90C-4620-9A4E-32D2605B5785}.Debug|Any CPU.Build.0 = Debug|Any CPU
		{38ADB7CB-F90C-4620-9A4E-32D2605B5785}.Release|Any CPU.ActiveCfg = Release|Any CPU
		{38ADB7CB-F90C-4620-9A4E-32D2605B5785}.Release|Any CPU.Build.0 = Release|Any CPU
		{D797125B-2149-4D1C-9CE9-CF7C7A9AC248}.Debug|Any CPU.ActiveCfg = Debug|Any CPU
		{D797125B-2149-4D1C-9CE9-CF7C7A9AC248}.Debug|Any CPU.Build.0 = Debug|Any CPU
		{D797125B-2149-4D1C-9CE9-CF7C7A9AC248}.Release|Any CPU.ActiveCfg = Release|Any CPU
		{D797125B-2149-4D1C-9CE9-CF7C7A9AC248}.Release|Any CPU.Build.0 = Release|Any CPU
		{ACAA61E3-D86D-42D3-9987-2B4E6E960796}.Debug|Any CPU.ActiveCfg = Debug|Any CPU
		{ACAA61E3-D86D-42D3-9987-2B4E6E960796}.Debug|Any CPU.Build.0 = Debug|Any CPU
		{ACAA61E3-D86D-42D3-9987-2B4E6E960796}.Debug|Any CPU.Deploy.0 = Debug|Any CPU
		{ACAA61E3-D86D-42D3-9987-2B4E6E960796}.Release|Any CPU.ActiveCfg = Release|Any CPU
		{ACAA61E3-D86D-42D3-9987-2B4E6E960796}.Release|Any CPU.Build.0 = Release|Any CPU
		{ACAA61E3-D86D-42D3-9987-2B4E6E960796}.Release|Any CPU.Deploy.0 = Release|Any CPU
		{40EBC776-2E7A-4E43-A176-4359C4F4344F}.Debug|Any CPU.ActiveCfg = Debug|Any CPU
		{40EBC776-2E7A-4E43-A176-4359C4F4344F}.Debug|Any CPU.Build.0 = Debug|Any CPU
		{40EBC776-2E7A-4E43-A176-4359C4F4344F}.Release|Any CPU.ActiveCfg = Release|Any CPU
		{40EBC776-2E7A-4E43-A176-4359C4F4344F}.Release|Any CPU.Build.0 = Release|Any CPU
		{FAEA09CC-1CAC-450A-B805-287A6E8C7DB5}.Debug|Any CPU.ActiveCfg = Debug|Any CPU
		{FAEA09CC-1CAC-450A-B805-287A6E8C7DB5}.Debug|Any CPU.Build.0 = Debug|Any CPU
		{FAEA09CC-1CAC-450A-B805-287A6E8C7DB5}.Release|Any CPU.ActiveCfg = Release|Any CPU
		{FAEA09CC-1CAC-450A-B805-287A6E8C7DB5}.Release|Any CPU.Build.0 = Release|Any CPU
		{36873B80-781D-4F99-80A9-BB8EC588C81D}.Debug|Any CPU.ActiveCfg = Debug|Any CPU
		{36873B80-781D-4F99-80A9-BB8EC588C81D}.Debug|Any CPU.Build.0 = Debug|Any CPU
		{36873B80-781D-4F99-80A9-BB8EC588C81D}.Release|Any CPU.ActiveCfg = Release|Any CPU
		{36873B80-781D-4F99-80A9-BB8EC588C81D}.Release|Any CPU.Build.0 = Release|Any CPU
		{C2F93A3D-E0BB-4D7F-83B7-A209C630ED6B}.Debug|Any CPU.ActiveCfg = Debug|Any CPU
		{C2F93A3D-E0BB-4D7F-83B7-A209C630ED6B}.Debug|Any CPU.Build.0 = Debug|Any CPU
		{C2F93A3D-E0BB-4D7F-83B7-A209C630ED6B}.Release|Any CPU.ActiveCfg = Release|Any CPU
		{C2F93A3D-E0BB-4D7F-83B7-A209C630ED6B}.Release|Any CPU.Build.0 = Release|Any CPU
		{91667BD8-5CA6-45CE-A692-0B3A3DEEF103}.Debug|Any CPU.ActiveCfg = Debug|Any CPU
		{91667BD8-5CA6-45CE-A692-0B3A3DEEF103}.Debug|Any CPU.Build.0 = Debug|Any CPU
		{91667BD8-5CA6-45CE-A692-0B3A3DEEF103}.Release|Any CPU.ActiveCfg = Release|Any CPU
		{91667BD8-5CA6-45CE-A692-0B3A3DEEF103}.Release|Any CPU.Build.0 = Release|Any CPU
	EndGlobalSection
	GlobalSection(SolutionProperties) = preSolution
		HideSolutionNode = FALSE
	EndGlobalSection
	GlobalSection(NestedProjects) = preSolution
		{74391391-388D-4DB6-AC19-C33E30D53452} = {B9F4C70D-D2D5-4FF7-96E2-4C8580A3417C}
		{A4C0F3DD-FA57-4F70-8CFC-DACC0AB693A1} = {E8F0FB89-7B91-450F-A19F-4F028D50D185}
		{2365E0FF-D3D2-4008-94E3-5F01B68C3335} = {E8F0FB89-7B91-450F-A19F-4F028D50D185}
		{194DEB19-6731-43D9-ABC5-292F92A2AF99} = {E8F0FB89-7B91-450F-A19F-4F028D50D185}
		{F41D29C7-47AD-4C30-B190-A96DC9071C4B} = {B9F4C70D-D2D5-4FF7-96E2-4C8580A3417C}
		{73BFA148-F0D2-4C0A-B22F-FB5E4D8B02E3} = {81E6AE4B-118C-4A3F-BCE9-B0932D18D649}
		{38ADB7CB-F90C-4620-9A4E-32D2605B5785} = {81E6AE4B-118C-4A3F-BCE9-B0932D18D649}
		{D797125B-2149-4D1C-9CE9-CF7C7A9AC248} = {81E6AE4B-118C-4A3F-BCE9-B0932D18D649}
		{ACAA61E3-D86D-42D3-9987-2B4E6E960796} = {81E6AE4B-118C-4A3F-BCE9-B0932D18D649}
		{40EBC776-2E7A-4E43-A176-4359C4F4344F} = {81E6AE4B-118C-4A3F-BCE9-B0932D18D649}
		{FAEA09CC-1CAC-450A-B805-287A6E8C7DB5} = {B9F4C70D-D2D5-4FF7-96E2-4C8580A3417C}
		{C2F93A3D-E0BB-4D7F-83B7-A209C630ED6B} = {E8F0FB89-7B91-450F-A19F-4F028D50D185}
		{91667BD8-5CA6-45CE-A692-0B3A3DEEF103} = {E8F0FB89-7B91-450F-A19F-4F028D50D185}
	EndGlobalSection
	GlobalSection(ExtensibilityGlobals) = postSolution
		SolutionGuid = {53F2FFB0-255B-4DAD-942F-02C804D2DBE6}
	EndGlobalSection
EndGlobal
